// !$*UTF8*$!
{
	archiveVersion = 1;
	classes = {
	};
	objectVersion = 46;
	objects = {

/* Begin PBXBuildFile section */
		0591C1DD1E5E3AEB002CEC29 /* removeBad_2.cpp in Sources */ = {isa = PBXBuildFile; fileRef = 0591C1DC1E5E3AEB002CEC29 /* removeBad_2.cpp */; };
/* End PBXBuildFile section */

/* Begin PBXCopyFilesBuildPhase section */
		0591C1C91E5D4D58002CEC29 /* CopyFiles */ = {
			isa = PBXCopyFilesBuildPhase;
			buildActionMask = 2147483647;
			dstPath = /usr/share/man/man1/;
			dstSubfolderSpec = 0;
			files = (
			);
			runOnlyForDeploymentPostprocessing = 1;
		};
/* End PBXCopyFilesBuildPhase section */

/* Begin PBXFileReference section */
		0591C1CB1E5D4D58002CEC29 /* Project 3 Warmup */ = {isa = PBXFileReference; explicitFileType = "compiled.mach-o.executable"; includeInIndex = 0; path = "Project 3 Warmup"; sourceTree = BUILT_PRODUCTS_DIR; };
		0591C1D51E5D4D7C002CEC29 /* removeOdds.cpp */ = {isa = PBXFileReference; fileEncoding = 4; lastKnownFileType = sourcecode.cpp.cpp; path = removeOdds.cpp; sourceTree = "<group>"; };
		0591C1D71E5D6855002CEC29 /* removeOdds_2.cpp */ = {isa = PBXFileReference; fileEncoding = 4; lastKnownFileType = sourcecode.cpp.cpp; path = removeOdds_2.cpp; sourceTree = "<group>"; };
		0591C1DA1E5D733E002CEC29 /* removeBad.cpp */ = {isa = PBXFileReference; fileEncoding = 4; lastKnownFileType = sourcecode.cpp.cpp; path = removeBad.cpp; sourceTree = "<group>"; };
		0591C1DC1E5E3AEB002CEC29 /* removeBad_2.cpp */ = {isa = PBXFileReference; fileEncoding = 4; lastKnownFileType = sourcecode.cpp.cpp; path = removeBad_2.cpp; sourceTree = "<group>"; };
/* End PBXFileReference section */

/* Begin PBXFrameworksBuildPhase section */
		0591C1C81E5D4D58002CEC29 /* Frameworks */ = {
			isa = PBXFrameworksBuildPhase;
			buildActionMask = 2147483647;
			files = (
			);
			runOnlyForDeploymentPostprocessing = 0;
		};
/* End PBXFrameworksBuildPhase section */

/* Begin PBXGroup section */
		0591C1C21E5D4D58002CEC29 = {
			isa = PBXGroup;
			children = (
				0591C1CD1E5D4D58002CEC29 /* Project 3 Warmup */,
				0591C1CC1E5D4D58002CEC29 /* Products */,
			);
			sourceTree = "<group>";
		};
		0591C1CC1E5D4D58002CEC29 /* Products */ = {
			isa = PBXGroup;
			children = (
				0591C1CB1E5D4D58002CEC29 /* Project 3 Warmup */,
			);
			name = Products;
			sourceTree = "<group>";
		};
		0591C1CD1E5D4D58002CEC29 /* Project 3 Warmup */ = {
			isa = PBXGroup;
			children = (
				0591C1D51E5D4D7C002CEC29 /* removeOdds.cpp */,
				0591C1D71E5D6855002CEC29 /* removeOdds_2.cpp */,
				0591C1DA1E5D733E002CEC29 /* removeBad.cpp */,
				0591C1DC1E5E3AEB002CEC29 /* removeBad_2.cpp */,
			);
			path = "Project 3 Warmup";
			sourceTree = "<group>";
		};
/* End PBXGroup section */

/* Begin PBXNativeTarget section */
		0591C1CA1E5D4D58002CEC29 /* Project 3 Warmup */ = {
			isa = PBXNativeTarget;
			buildConfigurationList = 0591C1D21E5D4D58002CEC29 /* Build configuration list for PBXNativeTarget "Project 3 Warmup" */;
			buildPhases = (
				0591C1C71E5D4D58002CEC29 /* Sources */,
				0591C1C81E5D4D58002CEC29 /* Frameworks */,
				0591C1C91E5D4D58002CEC29 /* CopyFiles */,
			);
			buildRules = (
			);
			dependencies = (
			);
			name = "Project 3 Warmup";
			productName = "Project 3 Warmup";
			productReference = 0591C1CB1E5D4D58002CEC29 /* Project 3 Warmup */;
			productType = "com.apple.product-type.tool";
		};
/* End PBXNativeTarget section */

/* Begin PBXProject section */
		0591C1C31E5D4D58002CEC29 /* Project object */ = {
			isa = PBXProject;
			attributes = {
				LastUpgradeCheck = 0820;
				ORGANIZATIONNAME = SHUDAXUAN;
				TargetAttributes = {
					0591C1CA1E5D4D58002CEC29 = {
						CreatedOnToolsVersion = 8.2.1;
						ProvisioningStyle = Automatic;
					};
				};
			};
			buildConfigurationList = 0591C1C61E5D4D58002CEC29 /* Build configuration list for PBXProject "Project 3 Warmup" */;
			compatibilityVersion = "Xcode 3.2";
			developmentRegion = English;
			hasScannedForEncodings = 0;
			knownRegions = (
				en,
			);
			mainGroup = 0591C1C21E5D4D58002CEC29;
			productRefGroup = 0591C1CC1E5D4D58002CEC29 /* Products */;
			projectDirPath = "";
			projectRoot = "";
			targets = (
				0591C1CA1E5D4D58002CEC29 /* Project 3 Warmup */,
			);
		};
/* End PBXProject section */

/* Begin PBXSourcesBuildPhase section */
		0591C1C71E5D4D58002CEC29 /* Sources */ = {
			isa = PBXSourcesBuildPhase;
			buildActionMask = 2147483647;
			files = (
				0591C1DD1E5E3AEB002CEC29 /* removeBad_2.cpp in Sources */,
			);
			runOnlyForDeploymentPostprocessing = 0;
		};
/* End PBXSourcesBuildPhase section */

/* Begin XCBuildConfiguration section */
		0591C1D01E5D4D58002CEC29 /* Debug */ = {
			isa = XCBuildConfiguration;
			buildSettings = {
				ALWAYS_SEARCH_USER_PATHS = NO;
				CLANG_ANALYZER_NONNULL = YES;
				CLANG_CXX_LANGUAGE_STANDARD = "gnu++0x";
				CLANG_CXX_LIBRARY = "libc++";
				CLANG_ENABLE_MODULES = YES;
				CLANG_ENABLE_OBJC_ARC = YES;
				CLANG_WARN_BOOL_CONVERSION = YES;
				CLANG_WARN_CONSTANT_CONVERSION = YES;
				CLANG_WARN_DIRECT_OBJC_ISA_USAGE = YES_ERROR;
				CLANG_WARN_DOCUMENTATION_COMMENTS = YES;
				CLANG_WARN_EMPTY_BODY = YES;
				CLANG_WARN_ENUM_CONVERSION = YES;
				CLANG_WARN_INFINITE_RECURSION = YES;
				CLANG_WARN_INT_CONVERSION = YES;
				CLANG_WARN_OBJC_ROOT_CLASS = YES_ERROR;
				CLANG_WARN_SUSPICIOUS_MOVE = YES;
				CLANG_WARN_UNREACHABLE_CODE = YES;
				CLANG_WARN__DUPLICATE_METHOD_MATCH = YES;
				CODE_SIGN_IDENTITY = "-";
				COPY_PHASE_STRIP = NO;
				DEBUG_INFORMATION_FORMAT = dwarf;
				ENABLE_STRICT_OBJC_MSGSEND = YES;
				ENABLE_TESTABILITY = YES;
				GCC_C_LANGUAGE_STANDARD = gnu99;
				GCC_DYNAMIC_NO_PIC = NO;
				GCC_NO_COMMON_BLOCKS = YES;
				GCC_OPTIMIZATION_LEVEL = 0;
				GCC_PREPROCESSOR_DEFINITIONS = (
					"DEBUG=1",
					"$(inherited)",
				);
				GCC_WARN_64_TO_32_BIT_CONVERSION = YES;
				GCC_WARN_ABOUT_RETURN_TYPE = YES_ERROR;
				GCC_WARN_UNDECLARED_SELECTOR = YES;
				GCC_WARN_UNINITIALIZED_AUTOS = YES_AGGRESSIVE;
				GCC_WARN_UNUSED_FUNCTION = YES;
				GCC_WARN_UNUSED_VARIABLE = YES;
				MACOSX_DEPLOYMENT_TARGET = 10.12;
				MTL_ENABLE_DEBUG_INFO = YES;
				ONLY_ACTIVE_ARCH = YES;
				SDKROOT = macosx;
			};
			name = Debug;
		};
		0591C1D11E5D4D58002CEC29 /* Release */ = {
			isa = XCBuildConfiguration;
			buildSettings = {
				ALWAYS_SEARCH_USER_PATHS = NO;
				CLANG_ANALYZER_NONNULL = YES;
				CLANG_CXX_LANGUAGE_STANDARD = "gnu++0x";
				CLANG_CXX_LIBRARY = "libc++";
				CLANG_ENABLE_MODULES = YES;
				CLANG_ENABLE_OBJC_ARC = YES;
				CLANG_WARN_BOOL_CONVERSION = YES;
				CLANG_WARN_CONSTANT_CONVERSION = YES;
				CLANG_WARN_DIRECT_OBJC_ISA_USAGE = YES_ERROR;
				CLANG_WARN_DOCUMENTATION_COMMENTS = YES;
				CLANG_WARN_EMPTY_BODY = YES;
				CLANG_WARN_ENUM_CONVERSION = YES;
				CLANG_WARN_INFINITE_RECURSION = YES;
				CLANG_WARN_INT_CONVERSION = YES;
				CLANG_WARN_OBJC_ROOT_CLASS = YES_ERROR;
				CLANG_WARN_SUSPICIOUS_MOVE = YES;
				CLANG_WARN_UNREACHABLE_CODE = YES;
				CLANG_WARN__DUPLICATE_METHOD_MATCH = YES;
				CODE_SIGN_IDENTITY = "-";
				COPY_PHASE_STRIP = NO;
				DEBUG_INFORMATION_FORMAT = "dwarf-with-dsym";
				ENABLE_NS_ASSERTIONS = NO;
				ENABLE_STRICT_OBJC_MSGSEND = YES;
				GCC_C_LANGUAGE_STANDARD = gnu99;
				GCC_NO_COMMON_BLOCKS = YES;
				GCC_WARN_64_TO_32_BIT_CONVERSION = YES;
				GCC_WARN_ABOUT_RETURN_TYPE = YES_ERROR;
				GCC_WARN_UNDECLARED_SELECTOR = YES;
				GCC_WARN_UNINITIALIZED_AUTOS = YES_AGGRESSIVE;
				GCC_WARN_UNUSED_FUNCTION = YES;
				GCC_WARN_UNUSED_VARIABLE = YES;
				MACOSX_DEPLOYMENT_TARGET = 10.12;
				MTL_ENABLE_DEBUG_INFO = NO;
				SDKROOT = macosx;
			};
			name = Release;
		};
		0591C1D31E5D4D58002CEC29 /* Debug */ = {
			isa = XCBuildConfiguration;
			buildSettings = {
				PRODUCT_NAME = "$(TARGET_NAME)";
			};
			name = Debug;
		};
		0591C1D41E5D4D58002CEC29 /* Release */ = {
			isa = XCBuildConfiguration;
			buildSettings = {
				PRODUCT_NAME = "$(TARGET_NAME)";
			};
			name = Release;
		};
/* End XCBuildConfiguration section */

/* Begin XCConfigurationList section */
		0591C1C61E5D4D58002CEC29 /* Build configuration list for PBXProject "Project 3 Warmup" */ = {
			isa = XCConfigurationList;
			buildConfigurations = (
				0591C1D01E5D4D58002CEC29 /* Debug */,
				0591C1D11E5D4D58002CEC29 /* Release */,
			);
			defaultConfigurationIsVisible = 0;
			defaultConfigurationName = Release;
		};
		0591C1D21E5D4D58002CEC29 /* Build configuration list for PBXNativeTarget "Project 3 Warmup" */ = {
			isa = XCConfigurationList;
			buildConfigurations = (
				0591C1D31E5D4D58002CEC29 /* Debug */,
				0591C1D41E5D4D58002CEC29 /* Release */,
			);
			defaultConfigurationIsVisible = 0;
		};
/* End XCConfigurationList section */
	};
	rootObject = 0591C1C31E5D4D58002CEC29 /* Project object */;
}
